
Microsoft Visual Studio Solution File, Format Version 12.00
# Visual Studio Version 17
VisualStudioVersion = 17.0.31903.59
MinimumVisualStudioVersion = 10.0.40219.1
Project("{2150E333-8FDC-42A3-9474-1A3956D46DE8}") = "src", "src", "{827E0CD3-B72D-47B6-A68D-7590B98EB39B}"
EndProject
Project("{FAE04EC0-301F-11D3-BF4B-00C04F79EFBC}") = "Controledu.Common", "src\Controledu.Common\Controledu.Common.csproj", "{E1F320DE-1C0F-4266-8DCC-A36BF775911D}"
EndProject
Project("{FAE04EC0-301F-11D3-BF4B-00C04F79EFBC}") = "Controledu.Storage", "src\Controledu.Storage\Controledu.Storage.csproj", "{4D02AD80-558A-4A7D-BFD5-98EA7B5D717B}"
EndProject
Project("{FAE04EC0-301F-11D3-BF4B-00C04F79EFBC}") = "Controledu.Teacher.Server", "src\Controledu.Teacher.Server\Controledu.Teacher.Server.csproj", "{32F9E7C0-FA61-4FAA-B393-A84077721E98}"
EndProject
Project("{FAE04EC0-301F-11D3-BF4B-00C04F79EFBC}") = "Controledu.Student.Agent", "src\Controledu.Student.Agent\Controledu.Student.Agent.csproj", "{FCBEDD66-5C37-4B1B-A07F-5E96305CEAF3}"
EndProject
Project("{FAE04EC0-301F-11D3-BF4B-00C04F79EFBC}") = "Controledu.Tests", "tests\Controledu.Tests\Controledu.Tests.csproj", "{810B371A-3E34-47EC-996E-A2999FA20845}"
EndProject
Project("{FAE04EC0-301F-11D3-BF4B-00C04F79EFBC}") = "Controledu.Discovery", "src\Controledu.Discovery\Controledu.Discovery.csproj", "{D283C958-5E49-42C6-A059-A2BB4C8E00C4}"
EndProject
Project("{FAE04EC0-301F-11D3-BF4B-00C04F79EFBC}") = "Controledu.Transport", "src\Controledu.Transport\Controledu.Transport.csproj", "{E1602895-125C-4F3D-A663-D4ABC6A17F21}"
EndProject
Project("{FAE04EC0-301F-11D3-BF4B-00C04F79EFBC}") = "Controledu.Teacher.Host", "src\Controledu.Teacher.Host\Controledu.Teacher.Host.csproj", "{A8A5C92C-B9E3-4792-8B15-557B500779EE}"
EndProject
Project("{FAE04EC0-301F-11D3-BF4B-00C04F79EFBC}") = "Controledu.Student.Host", "src\Controledu.Student.Host\Controledu.Student.Host.csproj", "{4E9D8FF9-0E53-4922-9C4D-2E5721D6DB6D}"
EndProject
Project("{FAE04EC0-301F-11D3-BF4B-00C04F79EFBC}") = "Controledu.Detection.Abstractions", "src\Controledu.Detection.Abstractions\Controledu.Detection.Abstractions.csproj", "{AE597822-A454-4435-97AF-257C17FE2C0E}"
EndProject
Project("{FAE04EC0-301F-11D3-BF4B-00C04F79EFBC}") = "Controledu.Detection.Core", "src\Controledu.Detection.Core\Controledu.Detection.Core.csproj", "{2E747B46-DD0D-4885-AA5D-6BB0AEF81E86}"
EndProject
Project("{FAE04EC0-301F-11D3-BF4B-00C04F79EFBC}") = "Controledu.Detection.Onnx", "src\Controledu.Detection.Onnx\Controledu.Detection.Onnx.csproj", "{CAFD53FB-CF68-4C5D-A1BD-105C3920447C}"
EndProject
Project("{FAE04EC0-301F-11D3-BF4B-00C04F79EFBC}") = "Controledu.Updater", "src\Controledu.Updater\Controledu.Updater.csproj", "{2F336E36-9D0B-420E-9ED8-F01BAFF7AD32}"
EndProject
Global
	GlobalSection(SolutionConfigurationPlatforms) = preSolution
		Debug|Any CPU = Debug|Any CPU
		Debug|x64 = Debug|x64
		Debug|x86 = Debug|x86
		Release|Any CPU = Release|Any CPU
		Release|x64 = Release|x64
		Release|x86 = Release|x86
	EndGlobalSection
	GlobalSection(ProjectConfigurationPlatforms) = postSolution
		{E1F320DE-1C0F-4266-8DCC-A36BF775911D}.Debug|Any CPU.ActiveCfg = Debug|Any CPU
		{E1F320DE-1C0F-4266-8DCC-A36BF775911D}.Debug|Any CPU.Build.0 = Debug|Any CPU
		{E1F320DE-1C0F-4266-8DCC-A36BF775911D}.Debug|x64.ActiveCfg = Debug|Any CPU
		{E1F320DE-1C0F-4266-8DCC-A36BF775911D}.Debug|x64.Build.0 = Debug|Any CPU
		{E1F320DE-1C0F-4266-8DCC-A36BF775911D}.Debug|x86.ActiveCfg = Debug|Any CPU
		{E1F320DE-1C0F-4266-8DCC-A36BF775911D}.Debug|x86.Build.0 = Debug|Any CPU
		{E1F320DE-1C0F-4266-8DCC-A36BF775911D}.Release|Any CPU.ActiveCfg = Release|Any CPU
		{E1F320DE-1C0F-4266-8DCC-A36BF775911D}.Release|Any CPU.Build.0 = Release|Any CPU
		{E1F320DE-1C0F-4266-8DCC-A36BF775911D}.Release|x64.ActiveCfg = Release|Any CPU
		{E1F320DE-1C0F-4266-8DCC-A36BF775911D}.Release|x64.Build.0 = Release|Any CPU
		{E1F320DE-1C0F-4266-8DCC-A36BF775911D}.Release|x86.ActiveCfg = Release|Any CPU
		{E1F320DE-1C0F-4266-8DCC-A36BF775911D}.Release|x86.Build.0 = Release|Any CPU
		{4D02AD80-558A-4A7D-BFD5-98EA7B5D717B}.Debug|Any CPU.ActiveCfg = Debug|Any CPU
		{4D02AD80-558A-4A7D-BFD5-98EA7B5D717B}.Debug|Any CPU.Build.0 = Debug|Any CPU
		{4D02AD80-558A-4A7D-BFD5-98EA7B5D717B}.Debug|x64.ActiveCfg = Debug|Any CPU
		{4D02AD80-558A-4A7D-BFD5-98EA7B5D717B}.Debug|x64.Build.0 = Debug|Any CPU
		{4D02AD80-558A-4A7D-BFD5-98EA7B5D717B}.Debug|x86.ActiveCfg = Debug|Any CPU
		{4D02AD80-558A-4A7D-BFD5-98EA7B5D717B}.Debug|x86.Build.0 = Debug|Any CPU
		{4D02AD80-558A-4A7D-BFD5-98EA7B5D717B}.Release|Any CPU.ActiveCfg = Release|Any CPU
		{4D02AD80-558A-4A7D-BFD5-98EA7B5D717B}.Release|Any CPU.Build.0 = Release|Any CPU
		{4D02AD80-558A-4A7D-BFD5-98EA7B5D717B}.Release|x64.ActiveCfg = Release|Any CPU
		{4D02AD80-558A-4A7D-BFD5-98EA7B5D717B}.Release|x64.Build.0 = Release|Any CPU
		{4D02AD80-558A-4A7D-BFD5-98EA7B5D717B}.Release|x86.ActiveCfg = Release|Any CPU
		{4D02AD80-558A-4A7D-BFD5-98EA7B5D717B}.Release|x86.Build.0 = Release|Any CPU
		{32F9E7C0-FA61-4FAA-B393-A84077721E98}.Debug|Any CPU.ActiveCfg = Debug|Any CPU
		{32F9E7C0-FA61-4FAA-B393-A84077721E98}.Debug|Any CPU.Build.0 = Debug|Any CPU
		{32F9E7C0-FA61-4FAA-B393-A84077721E98}.Debug|x64.ActiveCfg = Debug|Any CPU
		{32F9E7C0-FA61-4FAA-B393-A84077721E98}.Debug|x64.Build.0 = Debug|Any CPU
		{32F9E7C0-FA61-4FAA-B393-A84077721E98}.Debug|x86.ActiveCfg = Debug|Any CPU
		{32F9E7C0-FA61-4FAA-B393-A84077721E98}.Debug|x86.Build.0 = Debug|Any CPU
		{32F9E7C0-FA61-4FAA-B393-A84077721E98}.Release|Any CPU.ActiveCfg = Release|Any CPU
		{32F9E7C0-FA61-4FAA-B393-A84077721E98}.Release|Any CPU.Build.0 = Release|Any CPU
		{32F9E7C0-FA61-4FAA-B393-A84077721E98}.Release|x64.ActiveCfg = Release|Any CPU
		{32F9E7C0-FA61-4FAA-B393-A84077721E98}.Release|x64.Build.0 = Release|Any CPU
		{32F9E7C0-FA61-4FAA-B393-A84077721E98}.Release|x86.ActiveCfg = Release|Any CPU
		{32F9E7C0-FA61-4FAA-B393-A84077721E98}.Release|x86.Build.0 = Release|Any CPU
		{FCBEDD66-5C37-4B1B-A07F-5E96305CEAF3}.Debug|Any CPU.ActiveCfg = Debug|Any CPU
		{FCBEDD66-5C37-4B1B-A07F-5E96305CEAF3}.Debug|Any CPU.Build.0 = Debug|Any CPU
		{FCBEDD66-5C37-4B1B-A07F-5E96305CEAF3}.Debug|x64.ActiveCfg = Debug|Any CPU
		{FCBEDD66-5C37-4B1B-A07F-5E96305CEAF3}.Debug|x64.Build.0 = Debug|Any CPU
		{FCBEDD66-5C37-4B1B-A07F-5E96305CEAF3}.Debug|x86.ActiveCfg = Debug|Any CPU
		{FCBEDD66-5C37-4B1B-A07F-5E96305CEAF3}.Debug|x86.Build.0 = Debug|Any CPU
		{FCBEDD66-5C37-4B1B-A07F-5E96305CEAF3}.Release|Any CPU.ActiveCfg = Release|Any CPU
		{FCBEDD66-5C37-4B1B-A07F-5E96305CEAF3}.Release|Any CPU.Build.0 = Release|Any CPU
		{FCBEDD66-5C37-4B1B-A07F-5E96305CEAF3}.Release|x64.ActiveCfg = Release|Any CPU
		{FCBEDD66-5C37-4B1B-A07F-5E96305CEAF3}.Release|x64.Build.0 = Release|Any CPU
		{FCBEDD66-5C37-4B1B-A07F-5E96305CEAF3}.Release|x86.ActiveCfg = Release|Any CPU
		{FCBEDD66-5C37-4B1B-A07F-5E96305CEAF3}.Release|x86.Build.0 = Release|Any CPU
		{810B371A-3E34-47EC-996E-A2999FA20845}.Debug|Any CPU.ActiveCfg = Debug|Any CPU
		{810B371A-3E34-47EC-996E-A2999FA20845}.Debug|Any CPU.Build.0 = Debug|Any CPU
		{810B371A-3E34-47EC-996E-A2999FA20845}.Debug|x64.ActiveCfg = Debug|Any CPU
		{810B371A-3E34-47EC-996E-A2999FA20845}.Debug|x64.Build.0 = Debug|Any CPU
		{810B371A-3E34-47EC-996E-A2999FA20845}.Debug|x86.ActiveCfg = Debug|Any CPU
		{810B371A-3E34-47EC-996E-A2999FA20845}.Debug|x86.Build.0 = Debug|Any CPU
		{810B371A-3E34-47EC-996E-A2999FA20845}.Release|Any CPU.ActiveCfg = Release|Any CPU
		{810B371A-3E34-47EC-996E-A2999FA20845}.Release|Any CPU.Build.0 = Release|Any CPU
		{810B371A-3E34-47EC-996E-A2999FA20845}.Release|x64.ActiveCfg = Release|Any CPU
		{810B371A-3E34-47EC-996E-A2999FA20845}.Release|x64.Build.0 = Release|Any CPU
		{810B371A-3E34-47EC-996E-A2999FA20845}.Release|x86.ActiveCfg = Release|Any CPU
		{810B371A-3E34-47EC-996E-A2999FA20845}.Release|x86.Build.0 = Release|Any CPU
		{D283C958-5E49-42C6-A059-A2BB4C8E00C4}.Debug|Any CPU.ActiveCfg = Debug|Any CPU
		{D283C958-5E49-42C6-A059-A2BB4C8E00C4}.Debug|Any CPU.Build.0 = Debug|Any CPU
		{D283C958-5E49-42C6-A059-A2BB4C8E00C4}.Debug|x64.ActiveCfg = Debug|Any CPU
		{D283C958-5E49-42C6-A059-A2BB4C8E00C4}.Debug|x64.Build.0 = Debug|Any CPU
		{D283C958-5E49-42C6-A059-A2BB4C8E00C4}.Debug|x86.ActiveCfg = Debug|Any CPU
		{D283C958-5E49-42C6-A059-A2BB4C8E00C4}.Debug|x86.Build.0 = Debug|Any CPU
		{D283C958-5E49-42C6-A059-A2BB4C8E00C4}.Release|Any CPU.ActiveCfg = Release|Any CPU
		{D283C958-5E49-42C6-A059-A2BB4C8E00C4}.Release|Any CPU.Build.0 = Release|Any CPU
		{D283C958-5E49-42C6-A059-A2BB4C8E00C4}.Release|x64.ActiveCfg = Release|Any CPU
		{D283C958-5E49-42C6-A059-A2BB4C8E00C4}.Release|x64.Build.0 = Release|Any CPU
		{D283C958-5E49-42C6-A059-A2BB4C8E00C4}.Release|x86.ActiveCfg = Release|Any CPU
		{D283C958-5E49-42C6-A059-A2BB4C8E00C4}.Release|x86.Build.0 = Release|Any CPU
		{E1602895-125C-4F3D-A663-D4ABC6A17F21}.Debug|Any CPU.ActiveCfg = Debug|Any CPU
		{E1602895-125C-4F3D-A663-D4ABC6A17F21}.Debug|Any CPU.Build.0 = Debug|Any CPU
		{E1602895-125C-4F3D-A663-D4ABC6A17F21}.Debug|x64.ActiveCfg = Debug|Any CPU
		{E1602895-125C-4F3D-A663-D4ABC6A17F21}.Debug|x64.Build.0 = Debug|Any CPU
		{E1602895-125C-4F3D-A663-D4ABC6A17F21}.Debug|x86.ActiveCfg = Debug|Any CPU
		{E1602895-125C-4F3D-A663-D4ABC6A17F21}.Debug|x86.Build.0 = Debug|Any CPU
		{E1602895-125C-4F3D-A663-D4ABC6A17F21}.Release|Any CPU.ActiveCfg = Release|Any CPU
		{E1602895-125C-4F3D-A663-D4ABC6A17F21}.Release|Any CPU.Build.0 = Release|Any CPU
		{E1602895-125C-4F3D-A663-D4ABC6A17F21}.Release|x64.ActiveCfg = Release|Any CPU
		{E1602895-125C-4F3D-A663-D4ABC6A17F21}.Release|x64.Build.0 = Release|Any CPU
		{E1602895-125C-4F3D-A663-D4ABC6A17F21}.Release|x86.ActiveCfg = Release|Any CPU
		{E1602895-125C-4F3D-A663-D4ABC6A17F21}.Release|x86.Build.0 = Release|Any CPU
		{A8A5C92C-B9E3-4792-8B15-557B500779EE}.Debug|Any CPU.ActiveCfg = Debug|Any CPU
		{A8A5C92C-B9E3-4792-8B15-557B500779EE}.Debug|Any CPU.Build.0 = Debug|Any CPU
		{A8A5C92C-B9E3-4792-8B15-557B500779EE}.Debug|x64.ActiveCfg = Debug|Any CPU
		{A8A5C92C-B9E3-4792-8B15-557B500779EE}.Debug|x64.Build.0 = Debug|Any CPU
		{A8A5C92C-B9E3-4792-8B15-557B500779EE}.Debug|x86.ActiveCfg = Debug|Any CPU
		{A8A5C92C-B9E3-4792-8B15-557B500779EE}.Debug|x86.Build.0 = Debug|Any CPU
		{A8A5C92C-B9E3-4792-8B15-557B500779EE}.Release|Any CPU.ActiveCfg = Release|Any CPU
		{A8A5C92C-B9E3-4792-8B15-557B500779EE}.Release|Any CPU.Build.0 = Release|Any CPU
		{A8A5C92C-B9E3-4792-8B15-557B500779EE}.Release|x64.ActiveCfg = Release|Any CPU
		{A8A5C92C-B9E3-4792-8B15-557B500779EE}.Release|x64.Build.0 = Release|Any CPU
		{A8A5C92C-B9E3-4792-8B15-557B500779EE}.Release|x86.ActiveCfg = Release|Any CPU
		{A8A5C92C-B9E3-4792-8B15-557B500779EE}.Release|x86.Build.0 = Release|Any CPU
		{4E9D8FF9-0E53-4922-9C4D-2E5721D6DB6D}.Debug|Any CPU.ActiveCfg = Debug|Any CPU
		{4E9D8FF9-0E53-4922-9C4D-2E5721D6DB6D}.Debug|Any CPU.Build.0 = Debug|Any CPU
		{4E9D8FF9-0E53-4922-9C4D-2E5721D6DB6D}.Debug|x64.ActiveCfg = Debug|Any CPU
		{4E9D8FF9-0E53-4922-9C4D-2E5721D6DB6D}.Debug|x64.Build.0 = Debug|Any CPU
		{4E9D8FF9-0E53-4922-9C4D-2E5721D6DB6D}.Debug|x86.ActiveCfg = Debug|Any CPU
		{4E9D8FF9-0E53-4922-9C4D-2E5721D6DB6D}.Debug|x86.Build.0 = Debug|Any CPU
		{4E9D8FF9-0E53-4922-9C4D-2E5721D6DB6D}.Release|Any CPU.ActiveCfg = Release|Any CPU
		{4E9D8FF9-0E53-4922-9C4D-2E5721D6DB6D}.Release|Any CPU.Build.0 = Release|Any CPU
		{4E9D8FF9-0E53-4922-9C4D-2E5721D6DB6D}.Release|x64.ActiveCfg = Release|Any CPU
		{4E9D8FF9-0E53-4922-9C4D-2E5721D6DB6D}.Release|x64.Build.0 = Release|Any CPU
		{4E9D8FF9-0E53-4922-9C4D-2E5721D6DB6D}.Release|x86.ActiveCfg = Release|Any CPU
		{4E9D8FF9-0E53-4922-9C4D-2E5721D6DB6D}.Release|x86.Build.0 = Release|Any CPU
		{AE597822-A454-4435-97AF-257C17FE2C0E}.Debug|Any CPU.ActiveCfg = Debug|Any CPU
		{AE597822-A454-4435-97AF-257C17FE2C0E}.Debug|Any CPU.Build.0 = Debug|Any CPU
		{AE597822-A454-4435-97AF-257C17FE2C0E}.Debug|x64.ActiveCfg = Debug|Any CPU
		{AE597822-A454-4435-97AF-257C17FE2C0E}.Debug|x64.Build.0 = Debug|Any CPU
		{AE597822-A454-4435-97AF-257C17FE2C0E}.Debug|x86.ActiveCfg = Debug|Any CPU
		{AE597822-A454-4435-97AF-257C17FE2C0E}.Debug|x86.Build.0 = Debug|Any CPU
		{AE597822-A454-4435-97AF-257C17FE2C0E}.Release|Any CPU.ActiveCfg = Release|Any CPU
		{AE597822-A454-4435-97AF-257C17FE2C0E}.Release|Any CPU.Build.0 = Release|Any CPU
		{AE597822-A454-4435-97AF-257C17FE2C0E}.Release|x64.ActiveCfg = Release|Any CPU
		{AE597822-A454-4435-97AF-257C17FE2C0E}.Release|x64.Build.0 = Release|Any CPU
		{AE597822-A454-4435-97AF-257C17FE2C0E}.Release|x86.ActiveCfg = Release|Any CPU
		{AE597822-A454-4435-97AF-257C17FE2C0E}.Release|x86.Build.0 = Release|Any CPU
		{2E747B46-DD0D-4885-AA5D-6BB0AEF81E86}.Debug|Any CPU.ActiveCfg = Debug|Any CPU
		{2E747B46-DD0D-4885-AA5D-6BB0AEF81E86}.Debug|Any CPU.Build.0 = Debug|Any CPU
		{2E747B46-DD0D-4885-AA5D-6BB0AEF81E86}.Debug|x64.ActiveCfg = Debug|Any CPU
		{2E747B46-DD0D-4885-AA5D-6BB0AEF81E86}.Debug|x64.Build.0 = Debug|Any CPU
		{2E747B46-DD0D-4885-AA5D-6BB0AEF81E86}.Debug|x86.ActiveCfg = Debug|Any CPU
		{2E747B46-DD0D-4885-AA5D-6BB0AEF81E86}.Debug|x86.Build.0 = Debug|Any CPU
		{2E747B46-DD0D-4885-AA5D-6BB0AEF81E86}.Release|Any CPU.ActiveCfg = Release|Any CPU
		{2E747B46-DD0D-4885-AA5D-6BB0AEF81E86}.Release|Any CPU.Build.0 = Release|Any CPU
		{2E747B46-DD0D-4885-AA5D-6BB0AEF81E86}.Release|x64.ActiveCfg = Release|Any CPU
		{2E747B46-DD0D-4885-AA5D-6BB0AEF81E86}.Release|x64.Build.0 = Release|Any CPU
		{2E747B46-DD0D-4885-AA5D-6BB0AEF81E86}.Release|x86.ActiveCfg = Release|Any CPU
		{2E747B46-DD0D-4885-AA5D-6BB0AEF81E86}.Release|x86.Build.0 = Release|Any CPU
		{CAFD53FB-CF68-4C5D-A1BD-105C3920447C}.Debug|Any CPU.ActiveCfg = Debug|Any CPU
		{CAFD53FB-CF68-4C5D-A1BD-105C3920447C}.Debug|Any CPU.Build.0 = Debug|Any CPU
		{CAFD53FB-CF68-4C5D-A1BD-105C3920447C}.Debug|x64.ActiveCfg = Debug|Any CPU
		{CAFD53FB-CF68-4C5D-A1BD-105C3920447C}.Debug|x64.Build.0 = Debug|Any CPU
		{CAFD53FB-CF68-4C5D-A1BD-105C3920447C}.Debug|x86.ActiveCfg = Debug|Any CPU
		{CAFD53FB-CF68-4C5D-A1BD-105C3920447C}.Debug|x86.Build.0 = Debug|Any CPU
		{CAFD53FB-CF68-4C5D-A1BD-105C3920447C}.Release|Any CPU.ActiveCfg = Release|Any CPU
		{CAFD53FB-CF68-4C5D-A1BD-105C3920447C}.Release|Any CPU.Build.0 = Release|Any CPU
		{CAFD53FB-CF68-4C5D-A1BD-105C3920447C}.Release|x64.ActiveCfg = Release|Any CPU
		{CAFD53FB-CF68-4C5D-A1BD-105C3920447C}.Release|x64.Build.0 = Release|Any CPU
		{CAFD53FB-CF68-4C5D-A1BD-105C3920447C}.Release|x86.ActiveCfg = Release|Any CPU
		{CAFD53FB-CF68-4C5D-A1BD-105C3920447C}.Release|x86.Build.0 = Release|Any CPU
		{2F336E36-9D0B-420E-9ED8-F01BAFF7AD32}.Debug|Any CPU.ActiveCfg = Debug|Any CPU
		{2F336E36-9D0B-420E-9ED8-F01BAFF7AD32}.Debug|Any CPU.Build.0 = Debug|Any CPU
		{2F336E36-9D0B-420E-9ED8-F01BAFF7AD32}.Debug|x64.ActiveCfg = Debug|Any CPU
		{2F336E36-9D0B-420E-9ED8-F01BAFF7AD32}.Debug|x64.Build.0 = Debug|Any CPU
		{2F336E36-9D0B-420E-9ED8-F01BAFF7AD32}.Debug|x86.ActiveCfg = Debug|Any CPU
		{2F336E36-9D0B-420E-9ED8-F01BAFF7AD32}.Debug|x86.Build.0 = Debug|Any CPU
		{2F336E36-9D0B-420E-9ED8-F01BAFF7AD32}.Release|Any CPU.ActiveCfg = Release|Any CPU
		{2F336E36-9D0B-420E-9ED8-F01BAFF7AD32}.Release|Any CPU.Build.0 = Release|Any CPU
		{2F336E36-9D0B-420E-9ED8-F01BAFF7AD32}.Release|x64.ActiveCfg = Release|Any CPU
		{2F336E36-9D0B-420E-9ED8-F01BAFF7AD32}.Release|x64.Build.0 = Release|Any CPU
		{2F336E36-9D0B-420E-9ED8-F01BAFF7AD32}.Release|x86.ActiveCfg = Release|Any CPU
		{2F336E36-9D0B-420E-9ED8-F01BAFF7AD32}.Release|x86.Build.0 = Release|Any CPU
	EndGlobalSection
	GlobalSection(SolutionProperties) = preSolution
		HideSolutionNode = FALSE
	EndGlobalSection
	GlobalSection(NestedProjects) = preSolution
		{E1F320DE-1C0F-4266-8DCC-A36BF775911D} = {827E0CD3-B72D-47B6-A68D-7590B98EB39B}
		{4D02AD80-558A-4A7D-BFD5-98EA7B5D717B} = {827E0CD3-B72D-47B6-A68D-7590B98EB39B}
		{32F9E7C0-FA61-4FAA-B393-A84077721E98} = {827E0CD3-B72D-47B6-A68D-7590B98EB39B}
		{FCBEDD66-5C37-4B1B-A07F-5E96305CEAF3} = {827E0CD3-B72D-47B6-A68D-7590B98EB39B}
		{810B371A-3E34-47EC-996E-A2999FA20845} = {827E0CD3-B72D-47B6-A68D-7590B98EB39B}
		{D283C958-5E49-42C6-A059-A2BB4C8E00C4} = {827E0CD3-B72D-47B6-A68D-7590B98EB39B}
		{E1602895-125C-4F3D-A663-D4ABC6A17F21} = {827E0CD3-B72D-47B6-A68D-7590B98EB39B}
		{A8A5C92C-B9E3-4792-8B15-557B500779EE} = {827E0CD3-B72D-47B6-A68D-7590B98EB39B}
		{4E9D8FF9-0E53-4922-9C4D-2E5721D6DB6D} = {827E0CD3-B72D-47B6-A68D-7590B98EB39B}
		{AE597822-A454-4435-97AF-257C17FE2C0E} = {827E0CD3-B72D-47B6-A68D-7590B98EB39B}
		{2E747B46-DD0D-4885-AA5D-6BB0AEF81E86} = {827E0CD3-B72D-47B6-A68D-7590B98EB39B}
		{CAFD53FB-CF68-4C5D-A1BD-105C3920447C} = {827E0CD3-B72D-47B6-A68D-7590B98EB39B}
		{2F336E36-9D0B-420E-9ED8-F01BAFF7AD32} = {827E0CD3-B72D-47B6-A68D-7590B98EB39B}
	EndGlobalSection
EndGlobal
